
Microsoft Visual Studio Solution File, Format Version 12.00
# Visual Studio Version 17
VisualStudioVersion = 17.10.34804.81
MinimumVisualStudioVersion = 10.0.40219.1
Project("{FAE04EC0-301F-11D3-BF4B-00C04F79EFBC}") = "DotLearn", "DotLearn\DotLearn.csproj", "{9838027C-D8D8-40CD-A085-390BB9188690}"
EndProject
Global
	GlobalSection(SolutionConfigurationPlatforms) = preSolution
		Debug|Any CPU = Debug|Any CPU
		Release|Any CPU = Release|Any CPU
	EndGlobalSection
	GlobalSection(ProjectConfigurationPlatforms) = postSolution
		{9838027C-D8D8-40CD-A085-390BB9188690}.Debug|Any CPU.ActiveCfg = Debug|Any CPU
		{9838027C-D8D8-40CD-A085-390BB9188690}.Debug|Any CPU.Build.0 = Debug|Any CPU
		{9838027C-D8D8-40CD-A085-390BB9188690}.Release|Any CPU.ActiveCfg = Release|Any CPU
		{9838027C-D8D8-40CD-A085-390BB9188690}.Release|Any CPU.Build.0 = Release|Any CPU
	EndGlobalSection
	GlobalSection(SolutionProperties) = preSolution
		HideSolutionNode = FALSE
	EndGlobalSection
	GlobalSection(ExtensibilityGlobals) = postSolution
		SolutionGuid = {B0A5BA2C-ED1E-433C-BEBD-1E10B529702D}
	EndGlobalSection
EndGlobal
